
Microsoft Visual Studio Solution File, Format Version 10.00
# Visual Studio 2008
Project("{8BC9CEB8-8B4A-11D0-8D11-00A0C91BC942}") = "ParticleLib", "ParticleLib\ParticleLib.vcproj", "{2CD97795-EA09-456E-B864-770FB627F866}"
EndProject
Project("{8BC9CEB8-8B4A-11D0-8D11-00A0C91BC942}") = "Example", "Example\Example.vcproj", "{85CF89F4-AD47-4432-B84D-34FE4391C23A}"
	ProjectSection(ProjectDependencies) = postProject
		{2CD97795-EA09-456E-B864-770FB627F866} = {2CD97795-EA09-456E-B864-770FB627F866}
	EndProjectSection
EndProject
Project("{8BC9CEB8-8B4A-11D0-8D11-00A0C91BC942}") = "PSpray", "PSpray\PSpray.vcproj", "{75F296F2-69ED-43F5-8FB0-829E1F373242}"
	ProjectSection(ProjectDependencies) = postProject
		{2CD97795-EA09-456E-B864-770FB627F866} = {2CD97795-EA09-456E-B864-770FB627F866}
	EndProjectSection
EndProject
Project("{8BC9CEB8-8B4A-11D0-8D11-00A0C91BC942}") = "ParBench", "ParBench\ParBench.vcproj", "{1AFF52DD-ED57-4C6D-B771-C8CBB238B98D}"
	ProjectSection(ProjectDependencies) = postProject
		{2CD97795-EA09-456E-B864-770FB627F866} = {2CD97795-EA09-456E-B864-770FB627F866}
	EndProjectSection
EndProject
Global
	GlobalSection(SolutionConfigurationPlatforms) = preSolution
		Debug|Win32 = Debug|Win32
		Release|Win32 = Release|Win32
	EndGlobalSection
	GlobalSection(ProjectConfigurationPlatforms) = postSolution
		{2CD97795-EA09-456E-B864-770FB627F866}.Debug|Win32.ActiveCfg = Debug|Win32
		{2CD97795-EA09-456E-B864-770FB627F866}.Debug|Win32.Build.0 = Debug|Win32
		{2CD97795-EA09-456E-B864-770FB627F866}.Release|Win32.ActiveCfg = Release|Win32
		{2CD97795-EA09-456E-B864-770FB627F866}.Release|Win32.Build.0 = Release|Win32
		{85CF89F4-AD47-4432-B84D-34FE4391C23A}.Debug|Win32.ActiveCfg = Debug|Win32
		{85CF89F4-AD47-4432-B84D-34FE4391C23A}.Debug|Win32.Build.0 = Debug|Win32
		{85CF89F4-AD47-4432-B84D-34FE4391C23A}.Release|Win32.ActiveCfg = Release|Win32
		{85CF89F4-AD47-4432-B84D-34FE4391C23A}.Release|Win32.Build.0 = Release|Win32
		{75F296F2-69ED-43F5-8FB0-829E1F373242}.Debug|Win32.ActiveCfg = Debug|Win32
		{75F296F2-69ED-43F5-8FB0-829E1F373242}.Debug|Win32.Build.0 = Debug|Win32
		{75F296F2-69ED-43F5-8FB0-829E1F373242}.Release|Win32.ActiveCfg = Release|Win32
		{75F296F2-69ED-43F5-8FB0-829E1F373242}.Release|Win32.Build.0 = Release|Win32
		{1AFF52DD-ED57-4C6D-B771-C8CBB238B98D}.Debug|Win32.ActiveCfg = Debug|Win32
		{1AFF52DD-ED57-4C6D-B771-C8CBB238B98D}.Debug|Win32.Build.0 = Debug|Win32
		{1AFF52DD-ED57-4C6D-B771-C8CBB238B98D}.Release|Win32.ActiveCfg = Release|Win32
		{1AFF52DD-ED57-4C6D-B771-C8CBB238B98D}.Release|Win32.Build.0 = Release|Win32
	EndGlobalSection
	GlobalSection(SolutionProperties) = preSolution
		HideSolutionNode = FALSE
	EndGlobalSection
EndGlobal
